
Microsoft Visual Studio Solution File, Format Version 12.00
# Visual Studio Version 16
VisualStudioVersion = 16.0.30413.136
MinimumVisualStudioVersion = 10.0.40219.1
Project("{FAE04EC0-301F-11D3-BF4B-00C04F79EFBC}") = "TiltedControls", "TiltedControls\TiltedControls.csproj", "{5A2D2F03-ACD9-4613-A3DA-38C0FA4DAF9D}"
EndProject
Project("{FAE04EC0-301F-11D3-BF4B-00C04F79EFBC}") = "CarouselDemo", "CarouselDemo\CarouselDemo.csproj", "{E8FAEE59-FCA4-4643-AE17-86E8B35EA13E}"
EndProject
Project("{FAE04EC0-301F-11D3-BF4B-00C04F79EFBC}") = "InputPromptDemo", "InputPromptDemo\InputPromptDemo.csproj", "{15FC46E7-0C28-4163-9FAC-1542280C7B5B}"
EndProject
Project("{FAE04EC0-301F-11D3-BF4B-00C04F79EFBC}") = "TiltedControls.WinUI.Desktop", "TiltedControls.WinUI.Desktop\TiltedControls.WinUI.Desktop.csproj", "{FD8B4134-1974-4DC2-B567-D53EA1F85C7D}"
EndProject
Project("{D954291E-2A0B-460D-934E-DC6B0785DB48}") = "TiltedControls.Shared", "TiltedControls.Shared\TiltedControls.Shared.shproj", "{5BB3E4AA-429A-4BA0-8418-8D252686B458}"
EndProject
Global
	GlobalSection(SharedMSBuildProjectFiles) = preSolution
		TiltedControls.Shared\TiltedControls.Shared.projitems*{5a2d2f03-acd9-4613-a3da-38c0fa4daf9d}*SharedItemsImports = 4
		TiltedControls.Shared\TiltedControls.Shared.projitems*{5bb3e4aa-429a-4ba0-8418-8d252686b458}*SharedItemsImports = 13
		TiltedControls.Shared\TiltedControls.Shared.projitems*{fd8b4134-1974-4dc2-b567-d53ea1f85c7d}*SharedItemsImports = 5
	EndGlobalSection
	GlobalSection(SolutionConfigurationPlatforms) = preSolution
		Debug|Any CPU = Debug|Any CPU
		Debug|ARM = Debug|ARM
		Debug|ARM64 = Debug|ARM64
		Debug|x64 = Debug|x64
		Debug|x86 = Debug|x86
		Release|Any CPU = Release|Any CPU
		Release|ARM = Release|ARM
		Release|ARM64 = Release|ARM64
		Release|x64 = Release|x64
		Release|x86 = Release|x86
	EndGlobalSection
	GlobalSection(ProjectConfigurationPlatforms) = postSolution
		{5A2D2F03-ACD9-4613-A3DA-38C0FA4DAF9D}.Debug|Any CPU.ActiveCfg = Debug|Any CPU
		{5A2D2F03-ACD9-4613-A3DA-38C0FA4DAF9D}.Debug|Any CPU.Build.0 = Debug|Any CPU
		{5A2D2F03-ACD9-4613-A3DA-38C0FA4DAF9D}.Debug|ARM.ActiveCfg = Debug|ARM
		{5A2D2F03-ACD9-4613-A3DA-38C0FA4DAF9D}.Debug|ARM.Build.0 = Debug|ARM
		{5A2D2F03-ACD9-4613-A3DA-38C0FA4DAF9D}.Debug|ARM64.ActiveCfg = Debug|ARM64
		{5A2D2F03-ACD9-4613-A3DA-38C0FA4DAF9D}.Debug|ARM64.Build.0 = Debug|ARM64
		{5A2D2F03-ACD9-4613-A3DA-38C0FA4DAF9D}.Debug|x64.ActiveCfg = Debug|x64
		{5A2D2F03-ACD9-4613-A3DA-38C0FA4DAF9D}.Debug|x64.Build.0 = Debug|x64
		{5A2D2F03-ACD9-4613-A3DA-38C0FA4DAF9D}.Debug|x86.ActiveCfg = Debug|x86
		{5A2D2F03-ACD9-4613-A3DA-38C0FA4DAF9D}.Debug|x86.Build.0 = Debug|x86
		{5A2D2F03-ACD9-4613-A3DA-38C0FA4DAF9D}.Release|Any CPU.ActiveCfg = Release|Any CPU
		{5A2D2F03-ACD9-4613-A3DA-38C0FA4DAF9D}.Release|Any CPU.Build.0 = Release|Any CPU
		{5A2D2F03-ACD9-4613-A3DA-38C0FA4DAF9D}.Release|ARM.ActiveCfg = Release|ARM
		{5A2D2F03-ACD9-4613-A3DA-38C0FA4DAF9D}.Release|ARM.Build.0 = Release|ARM
		{5A2D2F03-ACD9-4613-A3DA-38C0FA4DAF9D}.Release|ARM64.ActiveCfg = Release|ARM64
		{5A2D2F03-ACD9-4613-A3DA-38C0FA4DAF9D}.Release|ARM64.Build.0 = Release|ARM64
		{5A2D2F03-ACD9-4613-A3DA-38C0FA4DAF9D}.Release|x64.ActiveCfg = Release|x64
		{5A2D2F03-ACD9-4613-A3DA-38C0FA4DAF9D}.Release|x64.Build.0 = Release|x64
		{5A2D2F03-ACD9-4613-A3DA-38C0FA4DAF9D}.Release|x86.ActiveCfg = Release|x86
		{5A2D2F03-ACD9-4613-A3DA-38C0FA4DAF9D}.Release|x86.Build.0 = Release|x86
		{E8FAEE59-FCA4-4643-AE17-86E8B35EA13E}.Debug|Any CPU.ActiveCfg = Debug|x86
		{E8FAEE59-FCA4-4643-AE17-86E8B35EA13E}.Debug|ARM.ActiveCfg = Debug|ARM
		{E8FAEE59-FCA4-4643-AE17-86E8B35EA13E}.Debug|ARM.Build.0 = Debug|ARM
		{E8FAEE59-FCA4-4643-AE17-86E8B35EA13E}.Debug|ARM.Deploy.0 = Debug|ARM
		{E8FAEE59-FCA4-4643-AE17-86E8B35EA13E}.Debug|ARM64.ActiveCfg = Debug|ARM64
		{E8FAEE59-FCA4-4643-AE17-86E8B35EA13E}.Debug|ARM64.Build.0 = Debug|ARM64
		{E8FAEE59-FCA4-4643-AE17-86E8B35EA13E}.Debug|ARM64.Deploy.0 = Debug|ARM64
		{E8FAEE59-FCA4-4643-AE17-86E8B35EA13E}.Debug|x64.ActiveCfg = Debug|x64
		{E8FAEE59-FCA4-4643-AE17-86E8B35EA13E}.Debug|x64.Build.0 = Debug|x64
		{E8FAEE59-FCA4-4643-AE17-86E8B35EA13E}.Debug|x64.Deploy.0 = Debug|x64
		{E8FAEE59-FCA4-4643-AE17-86E8B35EA13E}.Debug|x86.ActiveCfg = Debug|x86
		{E8FAEE59-FCA4-4643-AE17-86E8B35EA13E}.Debug|x86.Build.0 = Debug|x86
		{E8FAEE59-FCA4-4643-AE17-86E8B35EA13E}.Debug|x86.Deploy.0 = Debug|x86
		{E8FAEE59-FCA4-4643-AE17-86E8B35EA13E}.Release|Any CPU.ActiveCfg = Release|x86
		{E8FAEE59-FCA4-4643-AE17-86E8B35EA13E}.Release|ARM.ActiveCfg = Release|ARM
		{E8FAEE59-FCA4-4643-AE17-86E8B35EA13E}.Release|ARM.Build.0 = Release|ARM
		{E8FAEE59-FCA4-4643-AE17-86E8B35EA13E}.Release|ARM.Deploy.0 = Release|ARM
		{E8FAEE59-FCA4-4643-AE17-86E8B35EA13E}.Release|ARM64.ActiveCfg = Release|ARM64
		{E8FAEE59-FCA4-4643-AE17-86E8B35EA13E}.Release|ARM64.Build.0 = Release|ARM64
		{E8FAEE59-FCA4-4643-AE17-86E8B35EA13E}.Release|ARM64.Deploy.0 = Release|ARM64
		{E8FAEE59-FCA4-4643-AE17-86E8B35EA13E}.Release|x64.ActiveCfg = Release|x64
		{E8FAEE59-FCA4-4643-AE17-86E8B35EA13E}.Release|x64.Build.0 = Release|x64
		{E8FAEE59-FCA4-4643-AE17-86E8B35EA13E}.Release|x64.Deploy.0 = Release|x64
		{E8FAEE59-FCA4-4643-AE17-86E8B35EA13E}.Release|x86.ActiveCfg = Release|x86
		{E8FAEE59-FCA4-4643-AE17-86E8B35EA13E}.Release|x86.Build.0 = Release|x86
		{E8FAEE59-FCA4-4643-AE17-86E8B35EA13E}.Release|x86.Deploy.0 = Release|x86
		{15FC46E7-0C28-4163-9FAC-1542280C7B5B}.Debug|Any CPU.ActiveCfg = Debug|x86
		{15FC46E7-0C28-4163-9FAC-1542280C7B5B}.Debug|ARM.ActiveCfg = Debug|ARM
		{15FC46E7-0C28-4163-9FAC-1542280C7B5B}.Debug|ARM.Build.0 = Debug|ARM
		{15FC46E7-0C28-4163-9FAC-1542280C7B5B}.Debug|ARM.Deploy.0 = Debug|ARM
		{15FC46E7-0C28-4163-9FAC-1542280C7B5B}.Debug|ARM64.ActiveCfg = Debug|ARM64
		{15FC46E7-0C28-4163-9FAC-1542280C7B5B}.Debug|ARM64.Build.0 = Debug|ARM64
		{15FC46E7-0C28-4163-9FAC-1542280C7B5B}.Debug|ARM64.Deploy.0 = Debug|ARM64
		{15FC46E7-0C28-4163-9FAC-1542280C7B5B}.Debug|x64.ActiveCfg = Debug|x64
		{15FC46E7-0C28-4163-9FAC-1542280C7B5B}.Debug|x64.Build.0 = Debug|x64
		{15FC46E7-0C28-4163-9FAC-1542280C7B5B}.Debug|x64.Deploy.0 = Debug|x64
		{15FC46E7-0C28-4163-9FAC-1542280C7B5B}.Debug|x86.ActiveCfg = Debug|x86
		{15FC46E7-0C28-4163-9FAC-1542280C7B5B}.Debug|x86.Build.0 = Debug|x86
		{15FC46E7-0C28-4163-9FAC-1542280C7B5B}.Debug|x86.Deploy.0 = Debug|x86
		{15FC46E7-0C28-4163-9FAC-1542280C7B5B}.Release|Any CPU.ActiveCfg = Release|x86
		{15FC46E7-0C28-4163-9FAC-1542280C7B5B}.Release|ARM.ActiveCfg = Release|ARM
		{15FC46E7-0C28-4163-9FAC-1542280C7B5B}.Release|ARM.Build.0 = Release|ARM
		{15FC46E7-0C28-4163-9FAC-1542280C7B5B}.Release|ARM.Deploy.0 = Release|ARM
		{15FC46E7-0C28-4163-9FAC-1542280C7B5B}.Release|ARM64.ActiveCfg = Release|ARM64
		{15FC46E7-0C28-4163-9FAC-1542280C7B5B}.Release|ARM64.Build.0 = Release|ARM64
		{15FC46E7-0C28-4163-9FAC-1542280C7B5B}.Release|ARM64.Deploy.0 = Release|ARM64
		{15FC46E7-0C28-4163-9FAC-1542280C7B5B}.Release|x64.ActiveCfg = Release|x64
		{15FC46E7-0C28-4163-9FAC-1542280C7B5B}.Release|x64.Build.0 = Release|x64
		{15FC46E7-0C28-4163-9FAC-1542280C7B5B}.Release|x64.Deploy.0 = Release|x64
		{15FC46E7-0C28-4163-9FAC-1542280C7B5B}.Release|x86.ActiveCfg = Release|x86
		{15FC46E7-0C28-4163-9FAC-1542280C7B5B}.Release|x86.Build.0 = Release|x86
		{15FC46E7-0C28-4163-9FAC-1542280C7B5B}.Release|x86.Deploy.0 = Release|x86
		{FD8B4134-1974-4DC2-B567-D53EA1F85C7D}.Debug|Any CPU.ActiveCfg = Debug|Any CPU
		{FD8B4134-1974-4DC2-B567-D53EA1F85C7D}.Debug|Any CPU.Build.0 = Debug|Any CPU
		{FD8B4134-1974-4DC2-B567-D53EA1F85C7D}.Debug|ARM.ActiveCfg = Debug|Any CPU
		{FD8B4134-1974-4DC2-B567-D53EA1F85C7D}.Debug|ARM.Build.0 = Debug|Any CPU
		{FD8B4134-1974-4DC2-B567-D53EA1F85C7D}.Debug|ARM64.ActiveCfg = Debug|Any CPU
		{FD8B4134-1974-4DC2-B567-D53EA1F85C7D}.Debug|ARM64.Build.0 = Debug|Any CPU
		{FD8B4134-1974-4DC2-B567-D53EA1F85C7D}.Debug|x64.ActiveCfg = Debug|Any CPU
		{FD8B4134-1974-4DC2-B567-D53EA1F85C7D}.Debug|x64.Build.0 = Debug|Any CPU
		{FD8B4134-1974-4DC2-B567-D53EA1F85C7D}.Debug|x86.ActiveCfg = Debug|Any CPU
		{FD8B4134-1974-4DC2-B567-D53EA1F85C7D}.Debug|x86.Build.0 = Debug|Any CPU
		{FD8B4134-1974-4DC2-B567-D53EA1F85C7D}.Release|Any CPU.ActiveCfg = Release|Any CPU
		{FD8B4134-1974-4DC2-B567-D53EA1F85C7D}.Release|Any CPU.Build.0 = Release|Any CPU
		{FD8B4134-1974-4DC2-B567-D53EA1F85C7D}.Release|ARM.ActiveCfg = Release|Any CPU
		{FD8B4134-1974-4DC2-B567-D53EA1F85C7D}.Release|ARM.Build.0 = Release|Any CPU
		{FD8B4134-1974-4DC2-B567-D53EA1F85C7D}.Release|ARM64.ActiveCfg = Release|Any CPU
		{FD8B4134-1974-4DC2-B567-D53EA1F85C7D}.Release|ARM64.Build.0 = Release|Any CPU
		{FD8B4134-1974-4DC2-B567-D53EA1F85C7D}.Release|x64.ActiveCfg = Release|Any CPU
		{FD8B4134-1974-4DC2-B567-D53EA1F85C7D}.Release|x64.Build.0 = Release|Any CPU
		{FD8B4134-1974-4DC2-B567-D53EA1F85C7D}.Release|x86.ActiveCfg = Release|Any CPU
		{FD8B4134-1974-4DC2-B567-D53EA1F85C7D}.Release|x86.Build.0 = Release|Any CPU
	EndGlobalSection
	GlobalSection(SolutionProperties) = preSolution
		HideSolutionNode = FALSE
	EndGlobalSection
	GlobalSection(ExtensibilityGlobals) = postSolution
		SolutionGuid = {08E5C0AC-CF54-4010-BF02-75CA5B1189D6}
	EndGlobalSection
EndGlobal
