
Microsoft Visual Studio Solution File, Format Version 12.00
# Visual Studio Version 17
VisualStudioVersion = 17.0.31825.309
MinimumVisualStudioVersion = 10.0.40219.1
Project("{FAE04EC0-301F-11D3-BF4B-00C04F79EFBC}") = "TiltedControls.UWP", "TiltedControls.UWP\TiltedControls.UWP.csproj", "{092D08C3-F311-472B-A2A4-0397DAF5BBC2}"
EndProject
Project("{FAE04EC0-301F-11D3-BF4B-00C04F79EFBC}") = "CarouselDemo", "CarouselDemo\CarouselDemo.csproj", "{E8FAEE59-FCA4-4643-AE17-86E8B35EA13E}"
EndProject
Project("{FAE04EC0-301F-11D3-BF4B-00C04F79EFBC}") = "InputPromptDemo", "InputPromptDemo\InputPromptDemo.csproj", "{15FC46E7-0C28-4163-9FAC-1542280C7B5B}"
EndProject
Project("{D954291E-2A0B-460D-934E-DC6B0785DB48}") = "TiltedControls.Shared", "TiltedControls.Shared\TiltedControls.Shared.shproj", "{5BB3E4AA-429A-4BA0-8418-8D252686B458}"
EndProject
Project("{D954291E-2A0B-460D-934E-DC6B0785DB48}") = "CarouselDemo.Shared", "CarouselDemo.Shared\CarouselDemo.Shared.shproj", "{5CC3F511-A800-4236-A0E7-8800113D6A20}"
EndProject
Project("{D954291E-2A0B-460D-934E-DC6B0785DB48}") = "InputPromptDemo.Shared", "InputPromptDemo.Shared\InputPromptDemo.Shared.shproj", "{B74281C3-3FCA-463D-BCC0-E616E056ED11}"
EndProject
Project("{9A19103F-16F7-4668-BE54-9A1E7A4F7556}") = "TiltedControls.WinUI.Desktop", "TiltedControls.WinUI.Desktop\TiltedControls.WinUI.Desktop.csproj", "{8F64EBDA-2F68-4CC2-B336-396E1F159469}"
EndProject
Project("{9A19103F-16F7-4668-BE54-9A1E7A4F7556}") = "CarouselDemo.WinUI", "CarouselDemo.WinUI\CarouselDemo.WinUI.csproj", "{ADC00ECA-8A82-426D-B183-BA996B92835C}"
EndProject
Project("{9A19103F-16F7-4668-BE54-9A1E7A4F7556}") = "InputPromptDemo.WinUI", "InputPromptDemo.WinUI\InputPromptDemo.WinUI.csproj", "{61713786-8D2B-45F7-8869-402FE3E7E9E1}"
EndProject
Project("{FAE04EC0-301F-11D3-BF4B-00C04F79EFBC}") = "OnScreenKeyboardDemo", "OnScreenKeyboardDemo\OnScreenKeyboardDemo.csproj", "{7B47ADF8-1783-405A-A4BC-D5F0E35F0CBB}"
EndProject
Project("{FAE04EC0-301F-11D3-BF4B-00C04F79EFBC}") = "TiltedControls.MAUI", "TiltedControls.MAUI\TiltedControls.MAUI.csproj", "{1428376F-B3BF-463A-977C-67367E4FC37B}"
EndProject
Project("{FAE04EC0-301F-11D3-BF4B-00C04F79EFBC}") = "CarouselDemo.MAUI", "CarouselDemo.MAUI\CarouselDemo.MAUI.csproj", "{78822FD1-3813-424D-B0B7-51389A1EE56F}"
EndProject
Global
	GlobalSection(SolutionConfigurationPlatforms) = preSolution
		Debug|Any CPU = Debug|Any CPU
		Debug|ARM = Debug|ARM
		Debug|ARM64 = Debug|ARM64
		Debug|x64 = Debug|x64
		Debug|x86 = Debug|x86
		Release|Any CPU = Release|Any CPU
		Release|ARM = Release|ARM
		Release|ARM64 = Release|ARM64
		Release|x64 = Release|x64
		Release|x86 = Release|x86
	EndGlobalSection
	GlobalSection(ProjectConfigurationPlatforms) = postSolution
		{092D08C3-F311-472B-A2A4-0397DAF5BBC2}.Debug|Any CPU.ActiveCfg = Debug|Any CPU
		{092D08C3-F311-472B-A2A4-0397DAF5BBC2}.Debug|Any CPU.Build.0 = Debug|Any CPU
		{092D08C3-F311-472B-A2A4-0397DAF5BBC2}.Debug|ARM.ActiveCfg = Debug|ARM
		{092D08C3-F311-472B-A2A4-0397DAF5BBC2}.Debug|ARM.Build.0 = Debug|ARM
		{092D08C3-F311-472B-A2A4-0397DAF5BBC2}.Debug|ARM64.ActiveCfg = Debug|ARM64
		{092D08C3-F311-472B-A2A4-0397DAF5BBC2}.Debug|ARM64.Build.0 = Debug|ARM64
		{092D08C3-F311-472B-A2A4-0397DAF5BBC2}.Debug|x64.ActiveCfg = Debug|x64
		{092D08C3-F311-472B-A2A4-0397DAF5BBC2}.Debug|x64.Build.0 = Debug|x64
		{092D08C3-F311-472B-A2A4-0397DAF5BBC2}.Debug|x86.ActiveCfg = Debug|x86
		{092D08C3-F311-472B-A2A4-0397DAF5BBC2}.Debug|x86.Build.0 = Debug|x86
		{092D08C3-F311-472B-A2A4-0397DAF5BBC2}.Release|Any CPU.ActiveCfg = Release|Any CPU
		{092D08C3-F311-472B-A2A4-0397DAF5BBC2}.Release|Any CPU.Build.0 = Release|Any CPU
		{092D08C3-F311-472B-A2A4-0397DAF5BBC2}.Release|ARM.ActiveCfg = Release|ARM
		{092D08C3-F311-472B-A2A4-0397DAF5BBC2}.Release|ARM.Build.0 = Release|ARM
		{092D08C3-F311-472B-A2A4-0397DAF5BBC2}.Release|ARM64.ActiveCfg = Release|ARM64
		{092D08C3-F311-472B-A2A4-0397DAF5BBC2}.Release|ARM64.Build.0 = Release|ARM64
		{092D08C3-F311-472B-A2A4-0397DAF5BBC2}.Release|x64.ActiveCfg = Release|x64
		{092D08C3-F311-472B-A2A4-0397DAF5BBC2}.Release|x64.Build.0 = Release|x64
		{092D08C3-F311-472B-A2A4-0397DAF5BBC2}.Release|x86.ActiveCfg = Release|x86
		{092D08C3-F311-472B-A2A4-0397DAF5BBC2}.Release|x86.Build.0 = Release|x86
		{E8FAEE59-FCA4-4643-AE17-86E8B35EA13E}.Debug|Any CPU.ActiveCfg = Debug|x86
		{E8FAEE59-FCA4-4643-AE17-86E8B35EA13E}.Debug|ARM.ActiveCfg = Debug|ARM
		{E8FAEE59-FCA4-4643-AE17-86E8B35EA13E}.Debug|ARM.Build.0 = Debug|ARM
		{E8FAEE59-FCA4-4643-AE17-86E8B35EA13E}.Debug|ARM.Deploy.0 = Debug|ARM
		{E8FAEE59-FCA4-4643-AE17-86E8B35EA13E}.Debug|ARM64.ActiveCfg = Debug|ARM64
		{E8FAEE59-FCA4-4643-AE17-86E8B35EA13E}.Debug|ARM64.Build.0 = Debug|ARM64
		{E8FAEE59-FCA4-4643-AE17-86E8B35EA13E}.Debug|ARM64.Deploy.0 = Debug|ARM64
		{E8FAEE59-FCA4-4643-AE17-86E8B35EA13E}.Debug|x64.ActiveCfg = Debug|x64
		{E8FAEE59-FCA4-4643-AE17-86E8B35EA13E}.Debug|x64.Build.0 = Debug|x64
		{E8FAEE59-FCA4-4643-AE17-86E8B35EA13E}.Debug|x64.Deploy.0 = Debug|x64
		{E8FAEE59-FCA4-4643-AE17-86E8B35EA13E}.Debug|x86.ActiveCfg = Debug|x86
		{E8FAEE59-FCA4-4643-AE17-86E8B35EA13E}.Debug|x86.Build.0 = Debug|x86
		{E8FAEE59-FCA4-4643-AE17-86E8B35EA13E}.Debug|x86.Deploy.0 = Debug|x86
		{E8FAEE59-FCA4-4643-AE17-86E8B35EA13E}.Release|Any CPU.ActiveCfg = Release|x86
		{E8FAEE59-FCA4-4643-AE17-86E8B35EA13E}.Release|ARM.ActiveCfg = Release|ARM
		{E8FAEE59-FCA4-4643-AE17-86E8B35EA13E}.Release|ARM.Build.0 = Release|ARM
		{E8FAEE59-FCA4-4643-AE17-86E8B35EA13E}.Release|ARM.Deploy.0 = Release|ARM
		{E8FAEE59-FCA4-4643-AE17-86E8B35EA13E}.Release|ARM64.ActiveCfg = Release|ARM64
		{E8FAEE59-FCA4-4643-AE17-86E8B35EA13E}.Release|ARM64.Build.0 = Release|ARM64
		{E8FAEE59-FCA4-4643-AE17-86E8B35EA13E}.Release|ARM64.Deploy.0 = Release|ARM64
		{E8FAEE59-FCA4-4643-AE17-86E8B35EA13E}.Release|x64.ActiveCfg = Release|x64
		{E8FAEE59-FCA4-4643-AE17-86E8B35EA13E}.Release|x64.Build.0 = Release|x64
		{E8FAEE59-FCA4-4643-AE17-86E8B35EA13E}.Release|x64.Deploy.0 = Release|x64
		{E8FAEE59-FCA4-4643-AE17-86E8B35EA13E}.Release|x86.ActiveCfg = Release|x86
		{E8FAEE59-FCA4-4643-AE17-86E8B35EA13E}.Release|x86.Build.0 = Release|x86
		{E8FAEE59-FCA4-4643-AE17-86E8B35EA13E}.Release|x86.Deploy.0 = Release|x86
		{15FC46E7-0C28-4163-9FAC-1542280C7B5B}.Debug|Any CPU.ActiveCfg = Debug|x86
		{15FC46E7-0C28-4163-9FAC-1542280C7B5B}.Debug|ARM.ActiveCfg = Debug|ARM
		{15FC46E7-0C28-4163-9FAC-1542280C7B5B}.Debug|ARM.Build.0 = Debug|ARM
		{15FC46E7-0C28-4163-9FAC-1542280C7B5B}.Debug|ARM.Deploy.0 = Debug|ARM
		{15FC46E7-0C28-4163-9FAC-1542280C7B5B}.Debug|ARM64.ActiveCfg = Debug|ARM64
		{15FC46E7-0C28-4163-9FAC-1542280C7B5B}.Debug|ARM64.Build.0 = Debug|ARM64
		{15FC46E7-0C28-4163-9FAC-1542280C7B5B}.Debug|ARM64.Deploy.0 = Debug|ARM64
		{15FC46E7-0C28-4163-9FAC-1542280C7B5B}.Debug|x64.ActiveCfg = Debug|x64
		{15FC46E7-0C28-4163-9FAC-1542280C7B5B}.Debug|x64.Build.0 = Debug|x64
		{15FC46E7-0C28-4163-9FAC-1542280C7B5B}.Debug|x64.Deploy.0 = Debug|x64
		{15FC46E7-0C28-4163-9FAC-1542280C7B5B}.Debug|x86.ActiveCfg = Debug|x86
		{15FC46E7-0C28-4163-9FAC-1542280C7B5B}.Debug|x86.Build.0 = Debug|x86
		{15FC46E7-0C28-4163-9FAC-1542280C7B5B}.Debug|x86.Deploy.0 = Debug|x86
		{15FC46E7-0C28-4163-9FAC-1542280C7B5B}.Release|Any CPU.ActiveCfg = Release|x86
		{15FC46E7-0C28-4163-9FAC-1542280C7B5B}.Release|ARM.ActiveCfg = Release|ARM
		{15FC46E7-0C28-4163-9FAC-1542280C7B5B}.Release|ARM.Build.0 = Release|ARM
		{15FC46E7-0C28-4163-9FAC-1542280C7B5B}.Release|ARM.Deploy.0 = Release|ARM
		{15FC46E7-0C28-4163-9FAC-1542280C7B5B}.Release|ARM64.ActiveCfg = Release|ARM64
		{15FC46E7-0C28-4163-9FAC-1542280C7B5B}.Release|ARM64.Build.0 = Release|ARM64
		{15FC46E7-0C28-4163-9FAC-1542280C7B5B}.Release|ARM64.Deploy.0 = Release|ARM64
		{15FC46E7-0C28-4163-9FAC-1542280C7B5B}.Release|x64.ActiveCfg = Release|x64
		{15FC46E7-0C28-4163-9FAC-1542280C7B5B}.Release|x64.Build.0 = Release|x64
		{15FC46E7-0C28-4163-9FAC-1542280C7B5B}.Release|x64.Deploy.0 = Release|x64
		{15FC46E7-0C28-4163-9FAC-1542280C7B5B}.Release|x86.ActiveCfg = Release|x86
		{15FC46E7-0C28-4163-9FAC-1542280C7B5B}.Release|x86.Build.0 = Release|x86
		{15FC46E7-0C28-4163-9FAC-1542280C7B5B}.Release|x86.Deploy.0 = Release|x86
		{5BB3E4AA-429A-4BA0-8418-8D252686B458}.Debug|Any CPU.ActiveCfg = Debug|Any CPU
		{5BB3E4AA-429A-4BA0-8418-8D252686B458}.Debug|ARM.ActiveCfg = Debug|Any CPU
		{5BB3E4AA-429A-4BA0-8418-8D252686B458}.Debug|ARM64.ActiveCfg = Debug|Any CPU
		{5BB3E4AA-429A-4BA0-8418-8D252686B458}.Debug|x64.ActiveCfg = Debug|Any CPU
		{5BB3E4AA-429A-4BA0-8418-8D252686B458}.Debug|x86.ActiveCfg = Debug|Win32
		{5BB3E4AA-429A-4BA0-8418-8D252686B458}.Release|Any CPU.ActiveCfg = Release|Any CPU
		{5BB3E4AA-429A-4BA0-8418-8D252686B458}.Release|ARM.ActiveCfg = Release|Any CPU
		{5BB3E4AA-429A-4BA0-8418-8D252686B458}.Release|ARM64.ActiveCfg = Release|Any CPU
		{5BB3E4AA-429A-4BA0-8418-8D252686B458}.Release|x64.ActiveCfg = Release|Any CPU
		{5BB3E4AA-429A-4BA0-8418-8D252686B458}.Release|x86.ActiveCfg = Release|Win32
		{5CC3F511-A800-4236-A0E7-8800113D6A20}.Debug|Any CPU.ActiveCfg = Debug|Any CPU
		{5CC3F511-A800-4236-A0E7-8800113D6A20}.Debug|ARM.ActiveCfg = Debug|Any CPU
		{5CC3F511-A800-4236-A0E7-8800113D6A20}.Debug|ARM64.ActiveCfg = Debug|Any CPU
		{5CC3F511-A800-4236-A0E7-8800113D6A20}.Debug|x64.ActiveCfg = Debug|Any CPU
		{5CC3F511-A800-4236-A0E7-8800113D6A20}.Debug|x86.ActiveCfg = Debug|Any CPU
		{5CC3F511-A800-4236-A0E7-8800113D6A20}.Release|Any CPU.ActiveCfg = Release|Any CPU
		{5CC3F511-A800-4236-A0E7-8800113D6A20}.Release|ARM.ActiveCfg = Release|Any CPU
		{5CC3F511-A800-4236-A0E7-8800113D6A20}.Release|ARM64.ActiveCfg = Release|Any CPU
		{5CC3F511-A800-4236-A0E7-8800113D6A20}.Release|x64.ActiveCfg = Release|Any CPU
		{5CC3F511-A800-4236-A0E7-8800113D6A20}.Release|x86.ActiveCfg = Release|Any CPU
		{B74281C3-3FCA-463D-BCC0-E616E056ED11}.Debug|Any CPU.ActiveCfg = Debug|Any CPU
		{B74281C3-3FCA-463D-BCC0-E616E056ED11}.Debug|ARM.ActiveCfg = Debug|Any CPU
		{B74281C3-3FCA-463D-BCC0-E616E056ED11}.Debug|ARM64.ActiveCfg = Debug|Any CPU
		{B74281C3-3FCA-463D-BCC0-E616E056ED11}.Debug|x64.ActiveCfg = Debug|Any CPU
		{B74281C3-3FCA-463D-BCC0-E616E056ED11}.Debug|x86.ActiveCfg = Debug|Any CPU
		{B74281C3-3FCA-463D-BCC0-E616E056ED11}.Release|Any CPU.ActiveCfg = Release|Any CPU
		{B74281C3-3FCA-463D-BCC0-E616E056ED11}.Release|ARM.ActiveCfg = Release|Any CPU
		{B74281C3-3FCA-463D-BCC0-E616E056ED11}.Release|ARM64.ActiveCfg = Release|Any CPU
		{B74281C3-3FCA-463D-BCC0-E616E056ED11}.Release|x64.ActiveCfg = Release|Any CPU
		{B74281C3-3FCA-463D-BCC0-E616E056ED11}.Release|x86.ActiveCfg = Release|Any CPU
		{8F64EBDA-2F68-4CC2-B336-396E1F159469}.Debug|Any CPU.ActiveCfg = Debug|Any CPU
		{8F64EBDA-2F68-4CC2-B336-396E1F159469}.Debug|Any CPU.Build.0 = Debug|Any CPU
		{8F64EBDA-2F68-4CC2-B336-396E1F159469}.Debug|ARM.ActiveCfg = Debug|Any CPU
		{8F64EBDA-2F68-4CC2-B336-396E1F159469}.Debug|ARM.Build.0 = Debug|Any CPU
		{8F64EBDA-2F68-4CC2-B336-396E1F159469}.Debug|ARM64.ActiveCfg = Debug|Any CPU
		{8F64EBDA-2F68-4CC2-B336-396E1F159469}.Debug|ARM64.Build.0 = Debug|Any CPU
		{8F64EBDA-2F68-4CC2-B336-396E1F159469}.Debug|x64.ActiveCfg = Debug|x64
		{8F64EBDA-2F68-4CC2-B336-396E1F159469}.Debug|x64.Build.0 = Debug|x64
		{8F64EBDA-2F68-4CC2-B336-396E1F159469}.Debug|x86.ActiveCfg = Debug|Any CPU
		{8F64EBDA-2F68-4CC2-B336-396E1F159469}.Debug|x86.Build.0 = Debug|Any CPU
		{8F64EBDA-2F68-4CC2-B336-396E1F159469}.Release|Any CPU.ActiveCfg = Release|Any CPU
		{8F64EBDA-2F68-4CC2-B336-396E1F159469}.Release|Any CPU.Build.0 = Release|Any CPU
		{8F64EBDA-2F68-4CC2-B336-396E1F159469}.Release|ARM.ActiveCfg = Release|Any CPU
		{8F64EBDA-2F68-4CC2-B336-396E1F159469}.Release|ARM.Build.0 = Release|Any CPU
		{8F64EBDA-2F68-4CC2-B336-396E1F159469}.Release|ARM64.ActiveCfg = Release|Any CPU
		{8F64EBDA-2F68-4CC2-B336-396E1F159469}.Release|ARM64.Build.0 = Release|Any CPU
		{8F64EBDA-2F68-4CC2-B336-396E1F159469}.Release|x64.ActiveCfg = Release|Any CPU
		{8F64EBDA-2F68-4CC2-B336-396E1F159469}.Release|x64.Build.0 = Release|Any CPU
		{8F64EBDA-2F68-4CC2-B336-396E1F159469}.Release|x86.ActiveCfg = Release|Any CPU
		{8F64EBDA-2F68-4CC2-B336-396E1F159469}.Release|x86.Build.0 = Release|Any CPU
		{ADC00ECA-8A82-426D-B183-BA996B92835C}.Debug|Any CPU.ActiveCfg = Debug|x64
		{ADC00ECA-8A82-426D-B183-BA996B92835C}.Debug|Any CPU.Build.0 = Debug|x64
		{ADC00ECA-8A82-426D-B183-BA996B92835C}.Debug|Any CPU.Deploy.0 = Debug|x64
		{ADC00ECA-8A82-426D-B183-BA996B92835C}.Debug|ARM.ActiveCfg = Debug|x64
		{ADC00ECA-8A82-426D-B183-BA996B92835C}.Debug|ARM.Build.0 = Debug|x64
		{ADC00ECA-8A82-426D-B183-BA996B92835C}.Debug|ARM.Deploy.0 = Debug|x64
		{ADC00ECA-8A82-426D-B183-BA996B92835C}.Debug|ARM64.ActiveCfg = Debug|arm64
		{ADC00ECA-8A82-426D-B183-BA996B92835C}.Debug|ARM64.Build.0 = Debug|arm64
		{ADC00ECA-8A82-426D-B183-BA996B92835C}.Debug|ARM64.Deploy.0 = Debug|arm64
		{ADC00ECA-8A82-426D-B183-BA996B92835C}.Debug|x64.ActiveCfg = Debug|x64
		{ADC00ECA-8A82-426D-B183-BA996B92835C}.Debug|x64.Build.0 = Debug|x64
		{ADC00ECA-8A82-426D-B183-BA996B92835C}.Debug|x64.Deploy.0 = Debug|x64
		{ADC00ECA-8A82-426D-B183-BA996B92835C}.Debug|x86.ActiveCfg = Debug|x86
		{ADC00ECA-8A82-426D-B183-BA996B92835C}.Debug|x86.Build.0 = Debug|x86
		{ADC00ECA-8A82-426D-B183-BA996B92835C}.Debug|x86.Deploy.0 = Debug|x86
		{ADC00ECA-8A82-426D-B183-BA996B92835C}.Release|Any CPU.ActiveCfg = Release|x64
		{ADC00ECA-8A82-426D-B183-BA996B92835C}.Release|Any CPU.Build.0 = Release|x64
		{ADC00ECA-8A82-426D-B183-BA996B92835C}.Release|Any CPU.Deploy.0 = Release|x64
		{ADC00ECA-8A82-426D-B183-BA996B92835C}.Release|ARM.ActiveCfg = Release|x64
		{ADC00ECA-8A82-426D-B183-BA996B92835C}.Release|ARM.Build.0 = Release|x64
		{ADC00ECA-8A82-426D-B183-BA996B92835C}.Release|ARM.Deploy.0 = Release|x64
		{ADC00ECA-8A82-426D-B183-BA996B92835C}.Release|ARM64.ActiveCfg = Release|arm64
		{ADC00ECA-8A82-426D-B183-BA996B92835C}.Release|ARM64.Build.0 = Release|arm64
		{ADC00ECA-8A82-426D-B183-BA996B92835C}.Release|ARM64.Deploy.0 = Release|arm64
		{ADC00ECA-8A82-426D-B183-BA996B92835C}.Release|x64.ActiveCfg = Release|x64
		{ADC00ECA-8A82-426D-B183-BA996B92835C}.Release|x64.Build.0 = Release|x64
		{ADC00ECA-8A82-426D-B183-BA996B92835C}.Release|x64.Deploy.0 = Release|x64
		{ADC00ECA-8A82-426D-B183-BA996B92835C}.Release|x86.ActiveCfg = Release|x86
		{ADC00ECA-8A82-426D-B183-BA996B92835C}.Release|x86.Build.0 = Release|x86
		{ADC00ECA-8A82-426D-B183-BA996B92835C}.Release|x86.Deploy.0 = Release|x86
		{61713786-8D2B-45F7-8869-402FE3E7E9E1}.Debug|Any CPU.ActiveCfg = Debug|x64
		{61713786-8D2B-45F7-8869-402FE3E7E9E1}.Debug|Any CPU.Build.0 = Debug|x64
		{61713786-8D2B-45F7-8869-402FE3E7E9E1}.Debug|Any CPU.Deploy.0 = Debug|x64
		{61713786-8D2B-45F7-8869-402FE3E7E9E1}.Debug|ARM.ActiveCfg = Debug|x64
		{61713786-8D2B-45F7-8869-402FE3E7E9E1}.Debug|ARM.Build.0 = Debug|x64
		{61713786-8D2B-45F7-8869-402FE3E7E9E1}.Debug|ARM.Deploy.0 = Debug|x64
		{61713786-8D2B-45F7-8869-402FE3E7E9E1}.Debug|ARM64.ActiveCfg = Debug|arm64
		{61713786-8D2B-45F7-8869-402FE3E7E9E1}.Debug|ARM64.Build.0 = Debug|arm64
		{61713786-8D2B-45F7-8869-402FE3E7E9E1}.Debug|ARM64.Deploy.0 = Debug|arm64
		{61713786-8D2B-45F7-8869-402FE3E7E9E1}.Debug|x64.ActiveCfg = Debug|x64
		{61713786-8D2B-45F7-8869-402FE3E7E9E1}.Debug|x64.Build.0 = Debug|x64
		{61713786-8D2B-45F7-8869-402FE3E7E9E1}.Debug|x64.Deploy.0 = Debug|x64
		{61713786-8D2B-45F7-8869-402FE3E7E9E1}.Debug|x86.ActiveCfg = Debug|x86
		{61713786-8D2B-45F7-8869-402FE3E7E9E1}.Debug|x86.Build.0 = Debug|x86
		{61713786-8D2B-45F7-8869-402FE3E7E9E1}.Debug|x86.Deploy.0 = Debug|x86
		{61713786-8D2B-45F7-8869-402FE3E7E9E1}.Release|Any CPU.ActiveCfg = Release|x64
		{61713786-8D2B-45F7-8869-402FE3E7E9E1}.Release|Any CPU.Build.0 = Release|x64
		{61713786-8D2B-45F7-8869-402FE3E7E9E1}.Release|Any CPU.Deploy.0 = Release|x64
		{61713786-8D2B-45F7-8869-402FE3E7E9E1}.Release|ARM.ActiveCfg = Release|x64
		{61713786-8D2B-45F7-8869-402FE3E7E9E1}.Release|ARM.Build.0 = Release|x64
		{61713786-8D2B-45F7-8869-402FE3E7E9E1}.Release|ARM.Deploy.0 = Release|x64
		{61713786-8D2B-45F7-8869-402FE3E7E9E1}.Release|ARM64.ActiveCfg = Release|arm64
		{61713786-8D2B-45F7-8869-402FE3E7E9E1}.Release|ARM64.Build.0 = Release|arm64
		{61713786-8D2B-45F7-8869-402FE3E7E9E1}.Release|ARM64.Deploy.0 = Release|arm64
		{61713786-8D2B-45F7-8869-402FE3E7E9E1}.Release|x64.ActiveCfg = Release|x64
		{61713786-8D2B-45F7-8869-402FE3E7E9E1}.Release|x64.Build.0 = Release|x64
		{61713786-8D2B-45F7-8869-402FE3E7E9E1}.Release|x64.Deploy.0 = Release|x64
		{61713786-8D2B-45F7-8869-402FE3E7E9E1}.Release|x86.ActiveCfg = Release|x86
		{61713786-8D2B-45F7-8869-402FE3E7E9E1}.Release|x86.Build.0 = Release|x86
		{61713786-8D2B-45F7-8869-402FE3E7E9E1}.Release|x86.Deploy.0 = Release|x86
		{7B47ADF8-1783-405A-A4BC-D5F0E35F0CBB}.Debug|Any CPU.ActiveCfg = Debug|x64
		{7B47ADF8-1783-405A-A4BC-D5F0E35F0CBB}.Debug|Any CPU.Build.0 = Debug|x64
		{7B47ADF8-1783-405A-A4BC-D5F0E35F0CBB}.Debug|Any CPU.Deploy.0 = Debug|x64
		{7B47ADF8-1783-405A-A4BC-D5F0E35F0CBB}.Debug|ARM.ActiveCfg = Debug|ARM
		{7B47ADF8-1783-405A-A4BC-D5F0E35F0CBB}.Debug|ARM.Build.0 = Debug|ARM
		{7B47ADF8-1783-405A-A4BC-D5F0E35F0CBB}.Debug|ARM.Deploy.0 = Debug|ARM
		{7B47ADF8-1783-405A-A4BC-D5F0E35F0CBB}.Debug|ARM64.ActiveCfg = Debug|ARM64
		{7B47ADF8-1783-405A-A4BC-D5F0E35F0CBB}.Debug|ARM64.Build.0 = Debug|ARM64
		{7B47ADF8-1783-405A-A4BC-D5F0E35F0CBB}.Debug|ARM64.Deploy.0 = Debug|ARM64
		{7B47ADF8-1783-405A-A4BC-D5F0E35F0CBB}.Debug|x64.ActiveCfg = Debug|x64
		{7B47ADF8-1783-405A-A4BC-D5F0E35F0CBB}.Debug|x64.Build.0 = Debug|x64
		{7B47ADF8-1783-405A-A4BC-D5F0E35F0CBB}.Debug|x64.Deploy.0 = Debug|x64
		{7B47ADF8-1783-405A-A4BC-D5F0E35F0CBB}.Debug|x86.ActiveCfg = Debug|x86
		{7B47ADF8-1783-405A-A4BC-D5F0E35F0CBB}.Debug|x86.Build.0 = Debug|x86
		{7B47ADF8-1783-405A-A4BC-D5F0E35F0CBB}.Debug|x86.Deploy.0 = Debug|x86
		{7B47ADF8-1783-405A-A4BC-D5F0E35F0CBB}.Release|Any CPU.ActiveCfg = Release|x64
		{7B47ADF8-1783-405A-A4BC-D5F0E35F0CBB}.Release|Any CPU.Build.0 = Release|x64
		{7B47ADF8-1783-405A-A4BC-D5F0E35F0CBB}.Release|Any CPU.Deploy.0 = Release|x64
		{7B47ADF8-1783-405A-A4BC-D5F0E35F0CBB}.Release|ARM.ActiveCfg = Release|ARM
		{7B47ADF8-1783-405A-A4BC-D5F0E35F0CBB}.Release|ARM.Build.0 = Release|ARM
		{7B47ADF8-1783-405A-A4BC-D5F0E35F0CBB}.Release|ARM.Deploy.0 = Release|ARM
		{7B47ADF8-1783-405A-A4BC-D5F0E35F0CBB}.Release|ARM64.ActiveCfg = Release|ARM64
		{7B47ADF8-1783-405A-A4BC-D5F0E35F0CBB}.Release|ARM64.Build.0 = Release|ARM64
		{7B47ADF8-1783-405A-A4BC-D5F0E35F0CBB}.Release|ARM64.Deploy.0 = Release|ARM64
		{7B47ADF8-1783-405A-A4BC-D5F0E35F0CBB}.Release|x64.ActiveCfg = Release|x64
		{7B47ADF8-1783-405A-A4BC-D5F0E35F0CBB}.Release|x64.Build.0 = Release|x64
		{7B47ADF8-1783-405A-A4BC-D5F0E35F0CBB}.Release|x64.Deploy.0 = Release|x64
		{7B47ADF8-1783-405A-A4BC-D5F0E35F0CBB}.Release|x86.ActiveCfg = Release|x86
		{7B47ADF8-1783-405A-A4BC-D5F0E35F0CBB}.Release|x86.Build.0 = Release|x86
		{7B47ADF8-1783-405A-A4BC-D5F0E35F0CBB}.Release|x86.Deploy.0 = Release|x86
		{1428376F-B3BF-463A-977C-67367E4FC37B}.Debug|Any CPU.ActiveCfg = Debug|Any CPU
		{1428376F-B3BF-463A-977C-67367E4FC37B}.Debug|Any CPU.Build.0 = Debug|Any CPU
		{1428376F-B3BF-463A-977C-67367E4FC37B}.Debug|ARM.ActiveCfg = Debug|Any CPU
		{1428376F-B3BF-463A-977C-67367E4FC37B}.Debug|ARM.Build.0 = Debug|Any CPU
		{1428376F-B3BF-463A-977C-67367E4FC37B}.Debug|ARM64.ActiveCfg = Debug|Any CPU
		{1428376F-B3BF-463A-977C-67367E4FC37B}.Debug|ARM64.Build.0 = Debug|Any CPU
		{1428376F-B3BF-463A-977C-67367E4FC37B}.Debug|x64.ActiveCfg = Debug|Any CPU
		{1428376F-B3BF-463A-977C-67367E4FC37B}.Debug|x64.Build.0 = Debug|Any CPU
		{1428376F-B3BF-463A-977C-67367E4FC37B}.Debug|x86.ActiveCfg = Debug|Any CPU
		{1428376F-B3BF-463A-977C-67367E4FC37B}.Debug|x86.Build.0 = Debug|Any CPU
		{1428376F-B3BF-463A-977C-67367E4FC37B}.Release|Any CPU.ActiveCfg = Release|Any CPU
		{1428376F-B3BF-463A-977C-67367E4FC37B}.Release|Any CPU.Build.0 = Release|Any CPU
		{1428376F-B3BF-463A-977C-67367E4FC37B}.Release|ARM.ActiveCfg = Release|Any CPU
		{1428376F-B3BF-463A-977C-67367E4FC37B}.Release|ARM.Build.0 = Release|Any CPU
		{1428376F-B3BF-463A-977C-67367E4FC37B}.Release|ARM64.ActiveCfg = Release|Any CPU
		{1428376F-B3BF-463A-977C-67367E4FC37B}.Release|ARM64.Build.0 = Release|Any CPU
		{1428376F-B3BF-463A-977C-67367E4FC37B}.Release|x64.ActiveCfg = Release|Any CPU
		{1428376F-B3BF-463A-977C-67367E4FC37B}.Release|x64.Build.0 = Release|Any CPU
		{1428376F-B3BF-463A-977C-67367E4FC37B}.Release|x86.ActiveCfg = Release|Any CPU
		{1428376F-B3BF-463A-977C-67367E4FC37B}.Release|x86.Build.0 = Release|Any CPU
		{78822FD1-3813-424D-B0B7-51389A1EE56F}.Debug|Any CPU.ActiveCfg = Debug|Any CPU
		{78822FD1-3813-424D-B0B7-51389A1EE56F}.Debug|Any CPU.Build.0 = Debug|Any CPU
		{78822FD1-3813-424D-B0B7-51389A1EE56F}.Debug|Any CPU.Deploy.0 = Debug|Any CPU
		{78822FD1-3813-424D-B0B7-51389A1EE56F}.Debug|ARM.ActiveCfg = Debug|Any CPU
		{78822FD1-3813-424D-B0B7-51389A1EE56F}.Debug|ARM.Build.0 = Debug|Any CPU
		{78822FD1-3813-424D-B0B7-51389A1EE56F}.Debug|ARM.Deploy.0 = Debug|Any CPU
		{78822FD1-3813-424D-B0B7-51389A1EE56F}.Debug|ARM64.ActiveCfg = Debug|Any CPU
		{78822FD1-3813-424D-B0B7-51389A1EE56F}.Debug|ARM64.Build.0 = Debug|Any CPU
		{78822FD1-3813-424D-B0B7-51389A1EE56F}.Debug|ARM64.Deploy.0 = Debug|Any CPU
		{78822FD1-3813-424D-B0B7-51389A1EE56F}.Debug|x64.ActiveCfg = Debug|Any CPU
		{78822FD1-3813-424D-B0B7-51389A1EE56F}.Debug|x64.Build.0 = Debug|Any CPU
		{78822FD1-3813-424D-B0B7-51389A1EE56F}.Debug|x64.Deploy.0 = Debug|Any CPU
		{78822FD1-3813-424D-B0B7-51389A1EE56F}.Debug|x86.ActiveCfg = Debug|Any CPU
		{78822FD1-3813-424D-B0B7-51389A1EE56F}.Debug|x86.Build.0 = Debug|Any CPU
		{78822FD1-3813-424D-B0B7-51389A1EE56F}.Debug|x86.Deploy.0 = Debug|Any CPU
		{78822FD1-3813-424D-B0B7-51389A1EE56F}.Release|Any CPU.ActiveCfg = Release|Any CPU
		{78822FD1-3813-424D-B0B7-51389A1EE56F}.Release|Any CPU.Build.0 = Release|Any CPU
		{78822FD1-3813-424D-B0B7-51389A1EE56F}.Release|Any CPU.Deploy.0 = Release|Any CPU
		{78822FD1-3813-424D-B0B7-51389A1EE56F}.Release|ARM.ActiveCfg = Release|Any CPU
		{78822FD1-3813-424D-B0B7-51389A1EE56F}.Release|ARM.Build.0 = Release|Any CPU
		{78822FD1-3813-424D-B0B7-51389A1EE56F}.Release|ARM.Deploy.0 = Release|Any CPU
		{78822FD1-3813-424D-B0B7-51389A1EE56F}.Release|ARM64.ActiveCfg = Release|Any CPU
		{78822FD1-3813-424D-B0B7-51389A1EE56F}.Release|ARM64.Build.0 = Release|Any CPU
		{78822FD1-3813-424D-B0B7-51389A1EE56F}.Release|ARM64.Deploy.0 = Release|Any CPU
		{78822FD1-3813-424D-B0B7-51389A1EE56F}.Release|x64.ActiveCfg = Release|Any CPU
		{78822FD1-3813-424D-B0B7-51389A1EE56F}.Release|x64.Build.0 = Release|Any CPU
		{78822FD1-3813-424D-B0B7-51389A1EE56F}.Release|x64.Deploy.0 = Release|Any CPU
		{78822FD1-3813-424D-B0B7-51389A1EE56F}.Release|x86.ActiveCfg = Release|Any CPU
		{78822FD1-3813-424D-B0B7-51389A1EE56F}.Release|x86.Build.0 = Release|Any CPU
		{78822FD1-3813-424D-B0B7-51389A1EE56F}.Release|x86.Deploy.0 = Release|Any CPU
	EndGlobalSection
	GlobalSection(SolutionProperties) = preSolution
		HideSolutionNode = FALSE
	EndGlobalSection
	GlobalSection(ExtensibilityGlobals) = postSolution
		SolutionGuid = {08E5C0AC-CF54-4010-BF02-75CA5B1189D6}
	EndGlobalSection
	GlobalSection(SharedMSBuildProjectFiles) = preSolution
		TiltedControls.Shared\TiltedControls.Shared.projitems*{092d08c3-f311-472b-a2a4-0397daf5bbc2}*SharedItemsImports = 4
		InputPromptDemo.Shared\InputPromptDemo.Shared.projitems*{15fc46e7-0c28-4163-9fac-1542280c7b5b}*SharedItemsImports = 4
		TiltedControls.Shared\TiltedControls.Shared.projitems*{5bb3e4aa-429a-4ba0-8418-8d252686b458}*SharedItemsImports = 13
		CarouselDemo.Shared\CarouselDemo.Shared.projitems*{5cc3f511-a800-4236-a0e7-8800113d6a20}*SharedItemsImports = 13
		InputPromptDemo.Shared\InputPromptDemo.Shared.projitems*{61713786-8d2b-45f7-8869-402fe3e7e9e1}*SharedItemsImports = 5
		TiltedControls.Shared\TiltedControls.Shared.projitems*{61713786-8d2b-45f7-8869-402fe3e7e9e1}*SharedItemsImports = 5
		TiltedControls.Shared\TiltedControls.Shared.projitems*{8f64ebda-2f68-4cc2-b336-396e1f159469}*SharedItemsImports = 5
		CarouselDemo.Shared\CarouselDemo.Shared.projitems*{adc00eca-8a82-426d-b183-ba996b92835c}*SharedItemsImports = 5
		TiltedControls.Shared\TiltedControls.Shared.projitems*{adc00eca-8a82-426d-b183-ba996b92835c}*SharedItemsImports = 5
		InputPromptDemo.Shared\InputPromptDemo.Shared.projitems*{b74281c3-3fca-463d-bcc0-e616e056ed11}*SharedItemsImports = 13
		CarouselDemo.Shared\CarouselDemo.Shared.projitems*{e8faee59-fca4-4643-ae17-86e8b35ea13e}*SharedItemsImports = 4
	EndGlobalSection
EndGlobal
